
Microsoft Visual Studio Solution File, Format Version 12.00
# Visual Studio Version 17
VisualStudioVersion = 17.5.33516.290
MinimumVisualStudioVersion = 10.0.40219.1
Project("{2150E333-8FDC-42A3-9474-1A3956D46DE8}") = "H264Encoder", "H264Encoder", "{2DA1398A-8B40-49C2-9051-2B2844C1C304}"
EndProject
Project("{2150E333-8FDC-42A3-9474-1A3956D46DE8}") = "AAC Encoder and Muxer", "AAC Encoder and Muxer", "{34D084F6-46D5-4DA2-B989-D16589190280}"
EndProject
Project("{2150E333-8FDC-42A3-9474-1A3956D46DE8}") = "Test", "Test", "{E14E9755-74F8-436E-9517-2A8CCD62CA7C}"
EndProject
Project("{2150E333-8FDC-42A3-9474-1A3956D46DE8}") = "M2TSMuxer", "M2TSMuxer", "{EE1E4445-0E29-4A1B-9C21-971EA95E0DAE}"
EndProject
Project("{FAE04EC0-301F-11D3-BF4B-00C04F79EFBC}") = "dvdslideshowfontend", "..\dvdslideshowfontend\dvdslideshowfontend.csproj", "{77235368-16B2-4093-A660-EA9CA4666027}"
	ProjectSection(ProjectDependencies) = postProject
		{5420DE45-6417-4FA4-A10E-4518CD97D2F2} = {5420DE45-6417-4FA4-A10E-4518CD97D2F2}
	EndProjectSection
EndProject
Project("{FAE04EC0-301F-11D3-BF4B-00C04F79EFBC}") = "dvdslideshow", "dvdslideshow.csproj", "{D5EFA5A4-D8CE-423A-BD6F-03A21DE44F73}"
EndProject
Project("{FAE04EC0-301F-11D3-BF4B-00C04F79EFBC}") = "ManagedCore", "..\ManagedCore\ManagedCore.csproj", "{4B611A2F-D5A9-450B-89EA-C8AFC1A220A2}"
EndProject
Project("{FAE04EC0-301F-11D3-BF4B-00C04F79EFBC}") = "Raccoom.TreeViewFolderBrowser", "..\treeviewfolder22\Raccoom.TreeViewFolderBrowser\Raccoom.TreeViewFolderBrowser\Raccoom.TreeViewFolderBrowser.csproj", "{98E88A55-DAAC-4A09-B39A-9C0167976AD5}"
EndProject
Project("{FAE04EC0-301F-11D3-BF4B-00C04F79EFBC}") = "Raccoom.TreeViewFolderBrowser.DataProviders", "..\treeviewfolder22\Raccoom.TreeViewFolderBrowser\Raccoom.TreeViewFolderBrowser.DataProviders\Raccoom.TreeViewFolderBrowser.DataProviders.csproj", "{E4EAA4DA-8DE8-41E3-BAFF-B516E9789D34}"
EndProject
Project("{FAE04EC0-301F-11D3-BF4B-00C04F79EFBC}") = "FontCombo", "..\fontcombo\FontCombo.csproj", "{E764A681-F213-4581-8492-9EE617B5E398}"
EndProject
Project("{FAE04EC0-301F-11D3-BF4B-00C04F79EFBC}") = "CustomButton", "..\CustomButton\CustomButton.csproj", "{5420DE45-6417-4FA4-A10E-4518CD97D2F2}"
EndProject
Project("{FAE04EC0-301F-11D3-BF4B-00C04F79EFBC}") = "BalloonWindow", "..\BalloonWindow\BalloonWindow.csproj", "{DC103479-7E41-4CC2-B6D6-EE6138DEFEE4}"
EndProject
Project("{FAE04EC0-301F-11D3-BF4B-00C04F79EFBC}") = "InstallFilters", "..\InstallFilters\InstallFilters.csproj", "{E823C15A-E5CE-498A-8627-9978B5BF5146}"
EndProject
Project("{8BC9CEB8-8B4A-11D0-8D11-00A0C91BC942}") = "VideoTools", "..\VideoTools\VideoTools.vcxproj", "{33501F95-170E-4EF3-91D9-8BD5D02FF9B7}"
EndProject
Project("{8BC9CEB8-8B4A-11D0-8D11-00A0C91BC942}") = "Burner", "..\Burner\Burner.vcxproj", "{E42B32C0-A780-4E10-8643-B2D55FB3120F}"
EndProject
Project("{8BC9CEB8-8B4A-11D0-8D11-00A0C91BC942}") = "MangedToUnManagedWrapper", "..\MangedToUnManagedWrapper\MangedToUnManagedWrapper.vcxproj", "{CDC6F88E-689A-43F0-A33E-460120F2CA05}"
	ProjectSection(ProjectDependencies) = postProject
		{0775B165-8CC1-4E2E-B08A-F9BAEDB6CC39} = {0775B165-8CC1-4E2E-B08A-F9BAEDB6CC39}
		{22E1814D-7955-4456-AEA5-0C9BA7500792} = {22E1814D-7955-4456-AEA5-0C9BA7500792}
		{33501F95-170E-4EF3-91D9-8BD5D02FF9B7} = {33501F95-170E-4EF3-91D9-8BD5D02FF9B7}
		{39DB2977-9648-4A08-84FE-6268074B2E0E} = {39DB2977-9648-4A08-84FE-6268074B2E0E}
		{55C87BFB-9C9C-41E0-B9DC-57F41F679D4B} = {55C87BFB-9C9C-41E0-B9DC-57F41F679D4B}
		{690FCE60-9C82-418C-8398-705BE2200E5D} = {690FCE60-9C82-418C-8398-705BE2200E5D}
		{855B21DA-E592-46FF-8020-BBD4A5B666DC} = {855B21DA-E592-46FF-8020-BBD4A5B666DC}
		{92992E74-AEDE-46DC-AD8C-ADEA876F1A4C} = {92992E74-AEDE-46DC-AD8C-ADEA876F1A4C}
		{999BC49A-E5B4-4B2F-B1FB-77660D3EBC69} = {999BC49A-E5B4-4B2F-B1FB-77660D3EBC69}
		{9CC48C6E-92EB-4814-AD37-97AB3622AB65} = {9CC48C6E-92EB-4814-AD37-97AB3622AB65}
		{A8D6E4CD-1885-4B03-8E41-5F3DB825BAA6} = {A8D6E4CD-1885-4B03-8E41-5F3DB825BAA6}
		{D6CFB67F-07A3-4A5C-974D-6D826E13D901} = {D6CFB67F-07A3-4A5C-974D-6D826E13D901}
		{E42B32C0-A780-4E10-8643-B2D55FB3120F} = {E42B32C0-A780-4E10-8643-B2D55FB3120F}
	EndProjectSection
EndProject
Project("{8BC9CEB8-8B4A-11D0-8D11-00A0C91BC942}") = "ssmpegencoder", "..\mpegencoder\bbmpeg\bbMPEG.vcxproj", "{0775B165-8CC1-4E2E-B08A-F9BAEDB6CC39}"
EndProject
Project("{8BC9CEB8-8B4A-11D0-8D11-00A0C91BC942}") = "mpegencoder2", "..\mpegencoder2\mpegencoder2\mpegencoder2.vcxproj", "{D6CFB67F-07A3-4A5C-974D-6D826E13D901}"
EndProject
Project("{8BC9CEB8-8B4A-11D0-8D11-00A0C91BC942}") = "ssda", "..\dvd-author\dvd-author.vcxproj", "{690FCE60-9C82-418C-8398-705BE2200E5D}"
EndProject
Project("{FAE04EC0-301F-11D3-BF4B-00C04F79EFBC}") = "PhotoVidShow", "..\PhotoVidShow\PhotoVidShow.csproj", "{1C382D64-FB1C-4D9A-9554-EC18B3FE6EB9}"
	ProjectSection(ProjectDependencies) = postProject
		{288B1862-451F-461F-A0A8-91E74F36A751} = {288B1862-451F-461F-A0A8-91E74F36A751}
		{5420DE45-6417-4FA4-A10E-4518CD97D2F2} = {5420DE45-6417-4FA4-A10E-4518CD97D2F2}
		{98E88A55-DAAC-4A09-B39A-9C0167976AD5} = {98E88A55-DAAC-4A09-B39A-9C0167976AD5}
		{DC103479-7E41-4CC2-B6D6-EE6138DEFEE4} = {DC103479-7E41-4CC2-B6D6-EE6138DEFEE4}
		{E4EAA4DA-8DE8-41E3-BAFF-B516E9789D34} = {E4EAA4DA-8DE8-41E3-BAFF-B516E9789D34}
		{E764A681-F213-4581-8492-9EE617B5E398} = {E764A681-F213-4581-8492-9EE617B5E398}
	EndProjectSection
EndProject
Project("{FAE04EC0-301F-11D3-BF4B-00C04F79EFBC}") = "ColorCombo", "..\ColorComboTestApp\ColorCombo.csproj", "{288B1862-451F-461F-A0A8-91E74F36A751}"
EndProject
Project("{8BC9CEB8-8B4A-11D0-8D11-00A0C91BC942}") = "x264", "..\H264Encoder\build\win32\x264_stu_2008.vcxproj", "{22E1814D-7955-4456-AEA5-0C9BA7500792}"
EndProject
Project("{8BC9CEB8-8B4A-11D0-8D11-00A0C91BC942}") = "libx264", "..\H264Encoder\build\win32\libx264.vcxproj", "{A8D6E4CD-1885-4B03-8E41-5F3DB825BAA6}"
EndProject
Project("{8BC9CEB8-8B4A-11D0-8D11-00A0C91BC942}") = "baseclasses", "..\BaseClasses\baseclasses.vcxproj", "{855B21DA-E592-46FF-8020-BBD4A5B666DC}"
EndProject
Project("{8BC9CEB8-8B4A-11D0-8D11-00A0C91BC942}") = "Direct3D", "..\Direct3D\Direct3D.vcxproj", "{999BC49A-E5B4-4B2F-B1FB-77660D3EBC69}"
EndProject
Project("{8BC9CEB8-8B4A-11D0-8D11-00A0C91BC942}") = "wmaencode", "..\wmaencode\wmaencode.vcxproj", "{39DB2977-9648-4A08-84FE-6268074B2E0E}"
EndProject
Project("{8BC9CEB8-8B4A-11D0-8D11-00A0C91BC942}") = "libmp4v2_st60", "..\faac-1.28\common\mp4v2\libmp4v2_st60.vcxproj", "{55C87BFB-9C9C-41E0-B9DC-57F41F679D4B}"
EndProject
Project("{8BC9CEB8-8B4A-11D0-8D11-00A0C91BC942}") = "faac", "..\faac-1.28\frontend\faac.vcxproj", "{92992E74-AEDE-46DC-AD8C-ADEA876F1A4C}"
EndProject
Project("{8BC9CEB8-8B4A-11D0-8D11-00A0C91BC942}") = "libfaac", "..\faac-1.28\libfaac\libfaac.vcxproj", "{9CC48C6E-92EB-4814-AD37-97AB3622AB65}"
EndProject
Project("{FAE04EC0-301F-11D3-BF4B-00C04F79EFBC}") = "M2TSMuxerTest", "..\Test\M2TSMuxer\M2TSMuxerTest\M2TSMuxerTest.csproj", "{A7D3D1FB-6018-45EB-B86B-63006F954486}"
EndProject
Project("{2150E333-8FDC-42A3-9474-1A3956D46DE8}") = "C++", "C++", "{61176E0B-D363-4490-9224-321009D9836E}"
EndProject
Project("{2150E333-8FDC-42A3-9474-1A3956D46DE8}") = "Photo Cruz", "Photo Cruz", "{977BCCEC-71AA-450D-9937-83C29DDE93BC}"
EndProject
Project("{FAE04EC0-301F-11D3-BF4B-00C04F79EFBC}") = "PhotoCruz", "..\PhotoCruz\PhotoCruz\PhotoCruz.csproj", "{DFD6042B-2C93-49CC-B2C2-9E65C02EB95E}"
EndProject
Project("{FAE04EC0-301F-11D3-BF4B-00C04F79EFBC}") = "PhotoCruzBurn", "..\PhotoCruz\PhotoCruzBurn\PhotoCruzBurn.csproj", "{8ED3B294-5EE4-4EE0-A5A9-1278005B048C}"
EndProject
Project("{FAE04EC0-301F-11D3-BF4B-00C04F79EFBC}") = "PhotoCruzCL", "..\PhotoCruz\PhotoCruzCL\PhotoCruzCL.csproj", "{FC646313-3186-4D87-88F1-EC3205544FD3}"
EndProject
Project("{FAE04EC0-301F-11D3-BF4B-00C04F79EFBC}") = "PhotoCruzGui", "..\PhotoCruz\PhotoCruzGui\PhotoCruzGui.csproj", "{E8C9F364-1DF8-40D3-B909-EB644C0BE596}"
EndProject
Project("{FAE04EC0-301F-11D3-BF4B-00C04F79EFBC}") = "PhotoCruzMain", "..\PhotoCruz\PhotoCruzMain\PhotoCruzMain.csproj", "{074DA119-E262-4088-8C4D-BA2441E9D7DB}"
EndProject
Global
	GlobalSection(SolutionConfigurationPlatforms) = preSolution
		Debug|x86 = Debug|x86
		Release|x86 = Release|x86
	EndGlobalSection
	GlobalSection(ProjectConfigurationPlatforms) = postSolution
		{77235368-16B2-4093-A660-EA9CA4666027}.Debug|x86.ActiveCfg = Debug|x86
		{77235368-16B2-4093-A660-EA9CA4666027}.Debug|x86.Build.0 = Debug|x86
		{77235368-16B2-4093-A660-EA9CA4666027}.Release|x86.ActiveCfg = Release|x86
		{D5EFA5A4-D8CE-423A-BD6F-03A21DE44F73}.Debug|x86.ActiveCfg = Debug|x86
		{D5EFA5A4-D8CE-423A-BD6F-03A21DE44F73}.Debug|x86.Build.0 = Debug|x86
		{D5EFA5A4-D8CE-423A-BD6F-03A21DE44F73}.Release|x86.ActiveCfg = Release|x86
		{4B611A2F-D5A9-450B-89EA-C8AFC1A220A2}.Debug|x86.ActiveCfg = Debug|x86
		{4B611A2F-D5A9-450B-89EA-C8AFC1A220A2}.Debug|x86.Build.0 = Debug|x86
		{4B611A2F-D5A9-450B-89EA-C8AFC1A220A2}.Release|x86.ActiveCfg = Release|x86
		{98E88A55-DAAC-4A09-B39A-9C0167976AD5}.Debug|x86.ActiveCfg = Debug|x86
		{98E88A55-DAAC-4A09-B39A-9C0167976AD5}.Debug|x86.Build.0 = Debug|x86
		{98E88A55-DAAC-4A09-B39A-9C0167976AD5}.Release|x86.ActiveCfg = Release|x86
		{E4EAA4DA-8DE8-41E3-BAFF-B516E9789D34}.Debug|x86.ActiveCfg = Debug|x86
		{E4EAA4DA-8DE8-41E3-BAFF-B516E9789D34}.Debug|x86.Build.0 = Debug|x86
		{E4EAA4DA-8DE8-41E3-BAFF-B516E9789D34}.Release|x86.ActiveCfg = Release|x86
		{E764A681-F213-4581-8492-9EE617B5E398}.Debug|x86.ActiveCfg = Debug|x86
		{E764A681-F213-4581-8492-9EE617B5E398}.Debug|x86.Build.0 = Debug|x86
		{E764A681-F213-4581-8492-9EE617B5E398}.Release|x86.ActiveCfg = Release|x86
		{5420DE45-6417-4FA4-A10E-4518CD97D2F2}.Debug|x86.ActiveCfg = Debug|x86
		{5420DE45-6417-4FA4-A10E-4518CD97D2F2}.Debug|x86.Build.0 = Debug|x86
		{5420DE45-6417-4FA4-A10E-4518CD97D2F2}.Release|x86.ActiveCfg = Release|x86
		{DC103479-7E41-4CC2-B6D6-EE6138DEFEE4}.Debug|x86.ActiveCfg = Debug|x86
		{DC103479-7E41-4CC2-B6D6-EE6138DEFEE4}.Debug|x86.Build.0 = Debug|x86
		{DC103479-7E41-4CC2-B6D6-EE6138DEFEE4}.Release|x86.ActiveCfg = Release|x86
		{E823C15A-E5CE-498A-8627-9978B5BF5146}.Debug|x86.ActiveCfg = Debug|x86
		{E823C15A-E5CE-498A-8627-9978B5BF5146}.Debug|x86.Build.0 = Debug|x86
		{E823C15A-E5CE-498A-8627-9978B5BF5146}.Release|x86.ActiveCfg = Release|x86
		{33501F95-170E-4EF3-91D9-8BD5D02FF9B7}.Debug|x86.ActiveCfg = Debug|Win32
		{33501F95-170E-4EF3-91D9-8BD5D02FF9B7}.Release|x86.ActiveCfg = Release|Win32
		{E42B32C0-A780-4E10-8643-B2D55FB3120F}.Debug|x86.ActiveCfg = Debug|Win32
		{E42B32C0-A780-4E10-8643-B2D55FB3120F}.Release|x86.ActiveCfg = Release|Win32
		{CDC6F88E-689A-43F0-A33E-460120F2CA05}.Debug|x86.ActiveCfg = Debug|Win32
		{CDC6F88E-689A-43F0-A33E-460120F2CA05}.Debug|x86.Build.0 = Debug|Win32
		{CDC6F88E-689A-43F0-A33E-460120F2CA05}.Release|x86.ActiveCfg = Release|Win32
		{0775B165-8CC1-4E2E-B08A-F9BAEDB6CC39}.Debug|x86.ActiveCfg = Debug|Win32
		{0775B165-8CC1-4E2E-B08A-F9BAEDB6CC39}.Release|x86.ActiveCfg = Release|Win32
		{D6CFB67F-07A3-4A5C-974D-6D826E13D901}.Debug|x86.ActiveCfg = Debug|Win32
		{D6CFB67F-07A3-4A5C-974D-6D826E13D901}.Release|x86.ActiveCfg = Release|Win32
		{690FCE60-9C82-418C-8398-705BE2200E5D}.Debug|x86.ActiveCfg = Debug|Win32
		{690FCE60-9C82-418C-8398-705BE2200E5D}.Release|x86.ActiveCfg = Release|Win32
		{1C382D64-FB1C-4D9A-9554-EC18B3FE6EB9}.Debug|x86.ActiveCfg = Debug|x86
		{1C382D64-FB1C-4D9A-9554-EC18B3FE6EB9}.Debug|x86.Build.0 = Debug|x86
		{1C382D64-FB1C-4D9A-9554-EC18B3FE6EB9}.Release|x86.ActiveCfg = Release|x86
		{1C382D64-FB1C-4D9A-9554-EC18B3FE6EB9}.Release|x86.Build.0 = Release|x86
		{288B1862-451F-461F-A0A8-91E74F36A751}.Debug|x86.ActiveCfg = Debug|Any CPU
		{288B1862-451F-461F-A0A8-91E74F36A751}.Release|x86.ActiveCfg = Release|Any CPU
		{22E1814D-7955-4456-AEA5-0C9BA7500792}.Debug|x86.ActiveCfg = Debug|Win32
		{22E1814D-7955-4456-AEA5-0C9BA7500792}.Release|x86.ActiveCfg = Release|Win32
		{A8D6E4CD-1885-4B03-8E41-5F3DB825BAA6}.Debug|x86.ActiveCfg = Debug|Win32
		{A8D6E4CD-1885-4B03-8E41-5F3DB825BAA6}.Release|x86.ActiveCfg = Release|Win32
		{855B21DA-E592-46FF-8020-BBD4A5B666DC}.Debug|x86.ActiveCfg = Debug|Win32
		{855B21DA-E592-46FF-8020-BBD4A5B666DC}.Release|x86.ActiveCfg = Release|Win32
		{999BC49A-E5B4-4B2F-B1FB-77660D3EBC69}.Debug|x86.ActiveCfg = Debug|Win32
		{999BC49A-E5B4-4B2F-B1FB-77660D3EBC69}.Release|x86.ActiveCfg = Release|Win32
		{39DB2977-9648-4A08-84FE-6268074B2E0E}.Debug|x86.ActiveCfg = Debug|Win32
		{39DB2977-9648-4A08-84FE-6268074B2E0E}.Release|x86.ActiveCfg = Release|Win32
		{55C87BFB-9C9C-41E0-B9DC-57F41F679D4B}.Debug|x86.ActiveCfg = Debug|Win32
		{55C87BFB-9C9C-41E0-B9DC-57F41F679D4B}.Release|x86.ActiveCfg = Release|Win32
		{92992E74-AEDE-46DC-AD8C-ADEA876F1A4C}.Debug|x86.ActiveCfg = Debug|Win32
		{92992E74-AEDE-46DC-AD8C-ADEA876F1A4C}.Release|x86.ActiveCfg = Release|Win32
		{9CC48C6E-92EB-4814-AD37-97AB3622AB65}.Debug|x86.ActiveCfg = Debug|Win32
		{9CC48C6E-92EB-4814-AD37-97AB3622AB65}.Release|x86.ActiveCfg = Release|Win32
		{A7D3D1FB-6018-45EB-B86B-63006F954486}.Debug|x86.ActiveCfg = Debug|Any CPU
		{A7D3D1FB-6018-45EB-B86B-63006F954486}.Release|x86.ActiveCfg = Release|Any CPU
		{DFD6042B-2C93-49CC-B2C2-9E65C02EB95E}.Debug|x86.ActiveCfg = Debug|Any CPU
		{DFD6042B-2C93-49CC-B2C2-9E65C02EB95E}.Debug|x86.Build.0 = Debug|Any CPU
		{DFD6042B-2C93-49CC-B2C2-9E65C02EB95E}.Release|x86.ActiveCfg = Release|Any CPU
		{DFD6042B-2C93-49CC-B2C2-9E65C02EB95E}.Release|x86.Build.0 = Release|Any CPU
		{8ED3B294-5EE4-4EE0-A5A9-1278005B048C}.Debug|x86.ActiveCfg = Debug|Any CPU
		{8ED3B294-5EE4-4EE0-A5A9-1278005B048C}.Debug|x86.Build.0 = Debug|Any CPU
		{8ED3B294-5EE4-4EE0-A5A9-1278005B048C}.Release|x86.ActiveCfg = Release|Any CPU
		{8ED3B294-5EE4-4EE0-A5A9-1278005B048C}.Release|x86.Build.0 = Release|Any CPU
		{FC646313-3186-4D87-88F1-EC3205544FD3}.Debug|x86.ActiveCfg = Debug|Any CPU
		{FC646313-3186-4D87-88F1-EC3205544FD3}.Debug|x86.Build.0 = Debug|Any CPU
		{FC646313-3186-4D87-88F1-EC3205544FD3}.Release|x86.ActiveCfg = Release|Any CPU
		{FC646313-3186-4D87-88F1-EC3205544FD3}.Release|x86.Build.0 = Release|Any CPU
		{E8C9F364-1DF8-40D3-B909-EB644C0BE596}.Debug|x86.ActiveCfg = Debug|Any CPU
		{E8C9F364-1DF8-40D3-B909-EB644C0BE596}.Debug|x86.Build.0 = Debug|Any CPU
		{E8C9F364-1DF8-40D3-B909-EB644C0BE596}.Release|x86.ActiveCfg = Release|Any CPU
		{E8C9F364-1DF8-40D3-B909-EB644C0BE596}.Release|x86.Build.0 = Release|Any CPU
		{074DA119-E262-4088-8C4D-BA2441E9D7DB}.Debug|x86.ActiveCfg = Debug|Any CPU
		{074DA119-E262-4088-8C4D-BA2441E9D7DB}.Debug|x86.Build.0 = Debug|Any CPU
		{074DA119-E262-4088-8C4D-BA2441E9D7DB}.Release|x86.ActiveCfg = Release|Any CPU
		{074DA119-E262-4088-8C4D-BA2441E9D7DB}.Release|x86.Build.0 = Release|Any CPU
	EndGlobalSection
	GlobalSection(SolutionProperties) = preSolution
		HideSolutionNode = FALSE
	EndGlobalSection
	GlobalSection(NestedProjects) = preSolution
		{2DA1398A-8B40-49C2-9051-2B2844C1C304} = {61176E0B-D363-4490-9224-321009D9836E}
		{34D084F6-46D5-4DA2-B989-D16589190280} = {61176E0B-D363-4490-9224-321009D9836E}
		{EE1E4445-0E29-4A1B-9C21-971EA95E0DAE} = {E14E9755-74F8-436E-9517-2A8CCD62CA7C}
		{33501F95-170E-4EF3-91D9-8BD5D02FF9B7} = {61176E0B-D363-4490-9224-321009D9836E}
		{E42B32C0-A780-4E10-8643-B2D55FB3120F} = {61176E0B-D363-4490-9224-321009D9836E}
		{CDC6F88E-689A-43F0-A33E-460120F2CA05} = {61176E0B-D363-4490-9224-321009D9836E}
		{0775B165-8CC1-4E2E-B08A-F9BAEDB6CC39} = {61176E0B-D363-4490-9224-321009D9836E}
		{D6CFB67F-07A3-4A5C-974D-6D826E13D901} = {61176E0B-D363-4490-9224-321009D9836E}
		{690FCE60-9C82-418C-8398-705BE2200E5D} = {61176E0B-D363-4490-9224-321009D9836E}
		{22E1814D-7955-4456-AEA5-0C9BA7500792} = {2DA1398A-8B40-49C2-9051-2B2844C1C304}
		{A8D6E4CD-1885-4B03-8E41-5F3DB825BAA6} = {2DA1398A-8B40-49C2-9051-2B2844C1C304}
		{855B21DA-E592-46FF-8020-BBD4A5B666DC} = {61176E0B-D363-4490-9224-321009D9836E}
		{999BC49A-E5B4-4B2F-B1FB-77660D3EBC69} = {61176E0B-D363-4490-9224-321009D9836E}
		{39DB2977-9648-4A08-84FE-6268074B2E0E} = {61176E0B-D363-4490-9224-321009D9836E}
		{55C87BFB-9C9C-41E0-B9DC-57F41F679D4B} = {34D084F6-46D5-4DA2-B989-D16589190280}
		{92992E74-AEDE-46DC-AD8C-ADEA876F1A4C} = {34D084F6-46D5-4DA2-B989-D16589190280}
		{9CC48C6E-92EB-4814-AD37-97AB3622AB65} = {34D084F6-46D5-4DA2-B989-D16589190280}
		{A7D3D1FB-6018-45EB-B86B-63006F954486} = {EE1E4445-0E29-4A1B-9C21-971EA95E0DAE}
		{DFD6042B-2C93-49CC-B2C2-9E65C02EB95E} = {977BCCEC-71AA-450D-9937-83C29DDE93BC}
		{8ED3B294-5EE4-4EE0-A5A9-1278005B048C} = {977BCCEC-71AA-450D-9937-83C29DDE93BC}
		{FC646313-3186-4D87-88F1-EC3205544FD3} = {977BCCEC-71AA-450D-9937-83C29DDE93BC}
		{E8C9F364-1DF8-40D3-B909-EB644C0BE596} = {977BCCEC-71AA-450D-9937-83C29DDE93BC}
		{074DA119-E262-4088-8C4D-BA2441E9D7DB} = {977BCCEC-71AA-450D-9937-83C29DDE93BC}
	EndGlobalSection
	GlobalSection(ExtensibilityGlobals) = postSolution
		SolutionGuid = {7CD31928-8C9F-4AC3-AAA3-2DF255CECD9E}
	EndGlobalSection
EndGlobal
